<?xml version="1.0" encoding="UTF-8"?>
<Scheme
   LastUpgradeVersion = "1020"
   version = "1.7">
   <BuildAction
      parallelizeBuildables = "YES"
      buildImplicitDependencies = "YES">
      <PreActions>
         <ExecutionAction
            ActionType = "Xcode.IDEStandardExecutionActionsCore.ExecutionActionType.ShellScriptAction">
            <ActionContent
               title = "Run Script"
               scriptText = "# Type a script or drag a script file from your workspace to insert its path.&#10;set -euo pipefail&#10;&#10;echo &quot;CI pre-build bootstrap&#x2026;&quot;&#10;&#10;# Ensure submodules (if you use them)&#10;git submodule update --init --recursive || true&#10;&#10;# CocoaPods (pick ONE style that matches your repo)&#10;if [ -f &quot;Gemfile&quot; ]; then&#10;  bundle install&#10;  bundle exec pod install&#10;else&#10;  pod install&#10;fi&#10;">
               <EnvironmentBuildable>
                  <BuildableReference
                     BuildableIdentifier = "primary"
                     BlueprintIdentifier = "BFFA71D61AAC406100EE9DD1"
                     BuildableName = "Delterr.app"
                     BlueprintName = "Delta"
                     ReferencedContainer = "container:Delta.xcodeproj">
                  </BuildableReference>
               </EnvironmentBuildable>
            </ActionContent>
         </ExecutionAction>
      </PreActions>
      <BuildActionEntries>
         <BuildActionEntry
            buildForTesting = "YES"
            buildForRunning = "YES"
            buildForProfiling = "YES"
            buildForArchiving = "YES"
            buildForAnalyzing = "YES">
            <BuildableReference
               BuildableIdentifier = "primary"
               BlueprintIdentifier = "33C94426DAF58519DC6806AF4C44C9E7"
               BuildableName = "libPods-Delta.a"
               BlueprintName = "Pods-Delta"
               ReferencedContainer = "container:Pods/Pods.xcodeproj">
            </BuildableReference>
         </BuildActionEntry>
         <BuildActionEntry
            buildForTesting = "YES"
            buildForRunning = "YES"
            buildForProfiling = "YES"
            buildForArchiving = "YES"
            buildForAnalyzing = "YES">
            <BuildableReference
               BuildableIdentifier = "primary"
               BlueprintIdentifier = "BFFA71D61AAC406100EE9DD1"
               BuildableName = "Delterr.app"
               BlueprintName = "Delta"
               ReferencedContainer = "container:Delta.xcodeproj">
            </BuildableReference>
         </BuildActionEntry>
      </BuildActionEntries>
   </BuildAction>
   <TestAction
      buildConfiguration = "Debug"
      selectedDebuggerIdentifier = "Xcode.DebuggerFoundation.Debugger.LLDB"
      selectedLauncherIdentifier = "Xcode.DebuggerFoundation.Launcher.LLDB"
      shouldUseLaunchSchemeArgsEnv = "YES">
      <MacroExpansion>
         <BuildableReference
            BuildableIdentifier = "primary"
            BlueprintIdentifier = "BFFA71D61AAC406100EE9DD1"
            BuildableName = "Delterr.app"
            BlueprintName = "Delta"
            ReferencedContainer = "container:Delta.xcodeproj">
         </BuildableReference>
      </MacroExpansion>
      <Testables>
      </Testables>
   </TestAction>
   <LaunchAction
      buildConfiguration = "Debug"
      selectedDebuggerIdentifier = "Xcode.DebuggerFoundation.Debugger.LLDB"
      selectedLauncherIdentifier = "Xcode.DebuggerFoundation.Launcher.LLDB"
      enableASanStackUseAfterReturn = "YES"
      launchStyle = "0"
      useCustomWorkingDirectory = "NO"
      ignoresPersistentStateOnLaunch = "NO"
      debugDocumentVersioning = "YES"
      debugServiceExtension = "internal"
      allowLocationSimulation = "YES">
      <BuildableProductRunnable
         runnableDebuggingMode = "0">
         <BuildableReference
            BuildableIdentifier = "primary"
            BlueprintIdentifier = "BFFA71D61AAC406100EE9DD1"
            BuildableName = "Delterr.app"
            BlueprintName = "Delta"
            ReferencedContainer = "container:Delta.xcodeproj">
         </BuildableReference>
      </BuildableProductRunnable>
      <CommandLineArguments>
         <CommandLineArgument
            argument = "-com.apple.CoreData.MigrationDebug 1"
            isEnabled = "YES">
         </CommandLineArgument>
         <CommandLineArgument
            argument = "-com.rileytestut.Harmony.Debug 1"
            isEnabled = "YES">
         </CommandLineArgument>
         <CommandLineArgument
            argument = "-com.apple.CoreData.ConcurrencyDebug 1"
            isEnabled = "YES">
         </CommandLineArgument>
      </CommandLineArguments>
      <EnvironmentVariables>
         <EnvironmentVariable
            key = "OS_ACTIVITY_MODE"
            value = "disable"
            isEnabled = "NO">
         </EnvironmentVariable>
      </EnvironmentVariables>
   </LaunchAction>
   <ProfileAction
      buildConfiguration = "Release"
      shouldUseLaunchSchemeArgsEnv = "YES"
      savedToolIdentifier = ""
      useCustomWorkingDirectory = "NO"
      debugDocumentVersioning = "YES">
      <BuildableProductRunnable
         runnableDebuggingMode = "0">
         <BuildableReference
            BuildableIdentifier = "primary"
            BlueprintIdentifier = "BFFA71D61AAC406100EE9DD1"
            BuildableName = "Delterr.app"
            BlueprintName = "Delta"
            ReferencedContainer = "container:Delta.xcodeproj">
         </BuildableReference>
      </BuildableProductRunnable>
   </ProfileAction>
   <AnalyzeAction
      buildConfiguration = "Debug">
   </AnalyzeAction>
   <ArchiveAction
      buildConfiguration = "Release"
      revealArchiveInOrganizer = "YES">
   </ArchiveAction>
</Scheme>
